// !$*UTF8*$!
{
	archiveVersion = 1;
	classes = {
	};
	objectVersion = 50;
	objects = {

/* Begin PBXBuildFile section */
		72123AF82533441700DE67EC /* SignUpViewController.swift in Sources */ = {isa = PBXBuildFile; fileRef = 72123AF72533441700DE67EC /* SignUpViewController.swift */; };
		72123AFA2533442500DE67EC /* ISignUpViewController.swift in Sources */ = {isa = PBXBuildFile; fileRef = 72123AF92533442500DE67EC /* ISignUpViewController.swift */; };
		72123AFC253346BB00DE67EC /* ISignUpInteractor.swift in Sources */ = {isa = PBXBuildFile; fileRef = 72123AFB253346BB00DE67EC /* ISignUpInteractor.swift */; };
		72123AFE253346C800DE67EC /* SignUpInteractor.swift in Sources */ = {isa = PBXBuildFile; fileRef = 72123AFD253346C800DE67EC /* SignUpInteractor.swift */; };
		72123B002533478700DE67EC /* ISignUpPresenter.swift in Sources */ = {isa = PBXBuildFile; fileRef = 72123AFF2533478700DE67EC /* ISignUpPresenter.swift */; };
		72123B022533479400DE67EC /* SignUpPresenter.swift in Sources */ = {isa = PBXBuildFile; fileRef = 72123B012533479400DE67EC /* SignUpPresenter.swift */; };
		72123B042533486200DE67EC /* ISignUpRouter.swift in Sources */ = {isa = PBXBuildFile; fileRef = 72123B032533486200DE67EC /* ISignUpRouter.swift */; };
		72123B062533486A00DE67EC /* SignUpRouter.swift in Sources */ = {isa = PBXBuildFile; fileRef = 72123B052533486A00DE67EC /* SignUpRouter.swift */; };
		721A0FB32530F74D00234071 /* LoginViewController.swift in Sources */ = {isa = PBXBuildFile; fileRef = 721A0FB22530F74D00234071 /* LoginViewController.swift */; };
		721A0FB52530F77000234071 /* LoginInteractor.swift in Sources */ = {isa = PBXBuildFile; fileRef = 721A0FB42530F77000234071 /* LoginInteractor.swift */; };
		721A0FB72530F78500234071 /* LoginPresenter.swift in Sources */ = {isa = PBXBuildFile; fileRef = 721A0FB62530F78500234071 /* LoginPresenter.swift */; };
		721A0FBB2530F7DB00234071 /* LoginRouter.swift in Sources */ = {isa = PBXBuildFile; fileRef = 721A0FBA2530F7DB00234071 /* LoginRouter.swift */; };
		721A0FBD2530F7F100234071 /* ILoginRouter.swift in Sources */ = {isa = PBXBuildFile; fileRef = 721A0FBC2530F7F100234071 /* ILoginRouter.swift */; };
		721A0FBF2530F89000234071 /* ILoginPresenter.swift in Sources */ = {isa = PBXBuildFile; fileRef = 721A0FBE2530F89000234071 /* ILoginPresenter.swift */; };
		721A0FC12530F8A800234071 /* ILoginInteractor.swift in Sources */ = {isa = PBXBuildFile; fileRef = 721A0FC02530F8A800234071 /* ILoginInteractor.swift */; };
		721A0FC32530F8C500234071 /* ILoginViewController.swift in Sources */ = {isa = PBXBuildFile; fileRef = 721A0FC22530F8C500234071 /* ILoginViewController.swift */; };
		727BFDBD25347FF900507F50 /* IForgotPasswordViewController.swift in Sources */ = {isa = PBXBuildFile; fileRef = 727BFDBC25347FF900507F50 /* IForgotPasswordViewController.swift */; };
		727BFDBF2534800700507F50 /* ForgotPasswordViewController.swift in Sources */ = {isa = PBXBuildFile; fileRef = 727BFDBE2534800700507F50 /* ForgotPasswordViewController.swift */; };
		727BFDC1253480A500507F50 /* IForgotPasswordInteractor.swift in Sources */ = {isa = PBXBuildFile; fileRef = 727BFDC0253480A500507F50 /* IForgotPasswordInteractor.swift */; };
		727BFDC3253480CB00507F50 /* ForgotPasswordInteractor.swift in Sources */ = {isa = PBXBuildFile; fileRef = 727BFDC2253480CB00507F50 /* ForgotPasswordInteractor.swift */; };
		727BFDC52534810B00507F50 /* IForgotPasswordPresenter.swift in Sources */ = {isa = PBXBuildFile; fileRef = 727BFDC42534810B00507F50 /* IForgotPasswordPresenter.swift */; };
		727BFDC72534811E00507F50 /* ForgotPasswordPresenter.swift in Sources */ = {isa = PBXBuildFile; fileRef = 727BFDC62534811E00507F50 /* ForgotPasswordPresenter.swift */; };
		727BFDC92534818200507F50 /* IForgotPasswordRouter.swift in Sources */ = {isa = PBXBuildFile; fileRef = 727BFDC82534818200507F50 /* IForgotPasswordRouter.swift */; };
		727BFDCB253481AE00507F50 /* ForgotPasswordRouter.swift in Sources */ = {isa = PBXBuildFile; fileRef = 727BFDCA253481AE00507F50 /* ForgotPasswordRouter.swift */; };
		729B092A253339600055E50C /* AuthTextFieldType.swift in Sources */ = {isa = PBXBuildFile; fileRef = 729B0929253339600055E50C /* AuthTextFieldType.swift */; };
		729B092C253339860055E50C /* AuthTextField.swift in Sources */ = {isa = PBXBuildFile; fileRef = 729B092B253339860055E50C /* AuthTextField.swift */; };
		72A3A179252CB2EF0083F88F /* AppDelegate.swift in Sources */ = {isa = PBXBuildFile; fileRef = 72A3A178252CB2EF0083F88F /* AppDelegate.swift */; };
		72A3A17B252CB2EF0083F88F /* SceneDelegate.swift in Sources */ = {isa = PBXBuildFile; fileRef = 72A3A17A252CB2EF0083F88F /* SceneDelegate.swift */; };
		72A3A182252CB2F10083F88F /* Assets.xcassets in Resources */ = {isa = PBXBuildFile; fileRef = 72A3A181252CB2F10083F88F /* Assets.xcassets */; };
		72A3A185252CB2F10083F88F /* LaunchScreen.storyboard in Resources */ = {isa = PBXBuildFile; fileRef = 72A3A183252CB2F10083F88F /* LaunchScreen.storyboard */; };
		72D8C7B82531E6F4008E44DC /* SnapKit.framework in Frameworks */ = {isa = PBXBuildFile; fileRef = 72D8C7B72531E6F4008E44DC /* SnapKit.framework */; };
		72D8C7B92531E6F4008E44DC /* SnapKit.framework in Embed Frameworks */ = {isa = PBXBuildFile; fileRef = 72D8C7B72531E6F4008E44DC /* SnapKit.framework */; settings = {ATTRIBUTES = (CodeSignOnCopy, RemoveHeadersOnCopy, ); }; };
		72D8C7BB2531E6F7008E44DC /* SkyFloatingLabelTextField.framework in Frameworks */ = {isa = PBXBuildFile; fileRef = 72D8C7BA2531E6F7008E44DC /* SkyFloatingLabelTextField.framework */; };
		72D8C7BC2531E6F7008E44DC /* SkyFloatingLabelTextField.framework in Embed Frameworks */ = {isa = PBXBuildFile; fileRef = 72D8C7BA2531E6F7008E44DC /* SkyFloatingLabelTextField.framework */; settings = {ATTRIBUTES = (CodeSignOnCopy, RemoveHeadersOnCopy, ); }; };
		72D8C7BF2531FC2F008E44DC /* AuthConstants.swift in Sources */ = {isa = PBXBuildFile; fileRef = 72D8C7BE2531FC2F008E44DC /* AuthConstants.swift */; };
		72DB10A9252E58900043875E /* Starscream.framework in Frameworks */ = {isa = PBXBuildFile; fileRef = 72DB10A8252E58900043875E /* Starscream.framework */; };
		72DB10AA252E58900043875E /* Starscream.framework in Embed Frameworks */ = {isa = PBXBuildFile; fileRef = 72DB10A8252E58900043875E /* Starscream.framework */; settings = {ATTRIBUTES = (CodeSignOnCopy, RemoveHeadersOnCopy, ); }; };
		72DB10AD252E58940043875E /* InputBarAccessoryView.framework in Frameworks */ = {isa = PBXBuildFile; fileRef = 72DB10AC252E58940043875E /* InputBarAccessoryView.framework */; };
		72DB10AE252E58940043875E /* InputBarAccessoryView.framework in Embed Frameworks */ = {isa = PBXBuildFile; fileRef = 72DB10AC252E58940043875E /* InputBarAccessoryView.framework */; settings = {ATTRIBUTES = (CodeSignOnCopy, RemoveHeadersOnCopy, ); }; };
		72DB10B0252E58990043875E /* MessageKit.framework in Frameworks */ = {isa = PBXBuildFile; fileRef = 72DB10AF252E58990043875E /* MessageKit.framework */; };
		72DB10B1252E58990043875E /* MessageKit.framework in Embed Frameworks */ = {isa = PBXBuildFile; fileRef = 72DB10AF252E58990043875E /* MessageKit.framework */; settings = {ATTRIBUTES = (CodeSignOnCopy, RemoveHeadersOnCopy, ); }; };
		72F586E92530A10900504B37 /* Factory.swift in Sources */ = {isa = PBXBuildFile; fileRef = 72F586E82530A10900504B37 /* Factory.swift */; };
/* End PBXBuildFile section */

/* Begin PBXCopyFilesBuildPhase section */
		72DB10AB252E58900043875E /* Embed Frameworks */ = {
			isa = PBXCopyFilesBuildPhase;
			buildActionMask = 2147483647;
			dstPath = "";
			dstSubfolderSpec = 10;
			files = (
				72DB10AA252E58900043875E /* Starscream.framework in Embed Frameworks */,
				72DB10B1252E58990043875E /* MessageKit.framework in Embed Frameworks */,
				72D8C7BC2531E6F7008E44DC /* SkyFloatingLabelTextField.framework in Embed Frameworks */,
				72DB10AE252E58940043875E /* InputBarAccessoryView.framework in Embed Frameworks */,
				72D8C7B92531E6F4008E44DC /* SnapKit.framework in Embed Frameworks */,
			);
			name = "Embed Frameworks";
			runOnlyForDeploymentPostprocessing = 0;
		};
/* End PBXCopyFilesBuildPhase section */

/* Begin PBXFileReference section */
		72123AF72533441700DE67EC /* SignUpViewController.swift */ = {isa = PBXFileReference; lastKnownFileType = sourcecode.swift; path = SignUpViewController.swift; sourceTree = "<group>"; };
		72123AF92533442500DE67EC /* ISignUpViewController.swift */ = {isa = PBXFileReference; lastKnownFileType = sourcecode.swift; path = ISignUpViewController.swift; sourceTree = "<group>"; };
		72123AFB253346BB00DE67EC /* ISignUpInteractor.swift */ = {isa = PBXFileReference; lastKnownFileType = sourcecode.swift; path = ISignUpInteractor.swift; sourceTree = "<group>"; };
		72123AFD253346C800DE67EC /* SignUpInteractor.swift */ = {isa = PBXFileReference; lastKnownFileType = sourcecode.swift; path = SignUpInteractor.swift; sourceTree = "<group>"; };
		72123AFF2533478700DE67EC /* ISignUpPresenter.swift */ = {isa = PBXFileReference; lastKnownFileType = sourcecode.swift; path = ISignUpPresenter.swift; sourceTree = "<group>"; };
		72123B012533479400DE67EC /* SignUpPresenter.swift */ = {isa = PBXFileReference; lastKnownFileType = sourcecode.swift; path = SignUpPresenter.swift; sourceTree = "<group>"; };
		72123B032533486200DE67EC /* ISignUpRouter.swift */ = {isa = PBXFileReference; lastKnownFileType = sourcecode.swift; path = ISignUpRouter.swift; sourceTree = "<group>"; };
		72123B052533486A00DE67EC /* SignUpRouter.swift */ = {isa = PBXFileReference; lastKnownFileType = sourcecode.swift; path = SignUpRouter.swift; sourceTree = "<group>"; };
		721A0FB22530F74D00234071 /* LoginViewController.swift */ = {isa = PBXFileReference; lastKnownFileType = sourcecode.swift; path = LoginViewController.swift; sourceTree = "<group>"; };
		721A0FB42530F77000234071 /* LoginInteractor.swift */ = {isa = PBXFileReference; lastKnownFileType = sourcecode.swift; path = LoginInteractor.swift; sourceTree = "<group>"; };
		721A0FB62530F78500234071 /* LoginPresenter.swift */ = {isa = PBXFileReference; lastKnownFileType = sourcecode.swift; path = LoginPresenter.swift; sourceTree = "<group>"; };
		721A0FBA2530F7DB00234071 /* LoginRouter.swift */ = {isa = PBXFileReference; lastKnownFileType = sourcecode.swift; path = LoginRouter.swift; sourceTree = "<group>"; };
		721A0FBC2530F7F100234071 /* ILoginRouter.swift */ = {isa = PBXFileReference; lastKnownFileType = sourcecode.swift; path = ILoginRouter.swift; sourceTree = "<group>"; };
		721A0FBE2530F89000234071 /* ILoginPresenter.swift */ = {isa = PBXFileReference; lastKnownFileType = sourcecode.swift; path = ILoginPresenter.swift; sourceTree = "<group>"; };
		721A0FC02530F8A800234071 /* ILoginInteractor.swift */ = {isa = PBXFileReference; lastKnownFileType = sourcecode.swift; path = ILoginInteractor.swift; sourceTree = "<group>"; };
		721A0FC22530F8C500234071 /* ILoginViewController.swift */ = {isa = PBXFileReference; lastKnownFileType = sourcecode.swift; path = ILoginViewController.swift; sourceTree = "<group>"; };
		727BFDBC25347FF900507F50 /* IForgotPasswordViewController.swift */ = {isa = PBXFileReference; lastKnownFileType = sourcecode.swift; path = IForgotPasswordViewController.swift; sourceTree = "<group>"; };
		727BFDBE2534800700507F50 /* ForgotPasswordViewController.swift */ = {isa = PBXFileReference; lastKnownFileType = sourcecode.swift; path = ForgotPasswordViewController.swift; sourceTree = "<group>"; };
		727BFDC0253480A500507F50 /* IForgotPasswordInteractor.swift */ = {isa = PBXFileReference; lastKnownFileType = sourcecode.swift; path = IForgotPasswordInteractor.swift; sourceTree = "<group>"; };
		727BFDC2253480CB00507F50 /* ForgotPasswordInteractor.swift */ = {isa = PBXFileReference; lastKnownFileType = sourcecode.swift; path = ForgotPasswordInteractor.swift; sourceTree = "<group>"; };
		727BFDC42534810B00507F50 /* IForgotPasswordPresenter.swift */ = {isa = PBXFileReference; lastKnownFileType = sourcecode.swift; path = IForgotPasswordPresenter.swift; sourceTree = "<group>"; };
		727BFDC62534811E00507F50 /* ForgotPasswordPresenter.swift */ = {isa = PBXFileReference; lastKnownFileType = sourcecode.swift; path = ForgotPasswordPresenter.swift; sourceTree = "<group>"; };
		727BFDC82534818200507F50 /* IForgotPasswordRouter.swift */ = {isa = PBXFileReference; lastKnownFileType = sourcecode.swift; path = IForgotPasswordRouter.swift; sourceTree = "<group>"; };
		727BFDCA253481AE00507F50 /* ForgotPasswordRouter.swift */ = {isa = PBXFileReference; lastKnownFileType = sourcecode.swift; path = ForgotPasswordRouter.swift; sourceTree = "<group>"; };
		729B0929253339600055E50C /* AuthTextFieldType.swift */ = {isa = PBXFileReference; lastKnownFileType = sourcecode.swift; path = AuthTextFieldType.swift; sourceTree = "<group>"; };
		729B092B253339860055E50C /* AuthTextField.swift */ = {isa = PBXFileReference; lastKnownFileType = sourcecode.swift; path = AuthTextField.swift; sourceTree = "<group>"; };
		72A3A175252CB2EF0083F88F /* Dolphin.app */ = {isa = PBXFileReference; explicitFileType = wrapper.application; includeInIndex = 0; path = Dolphin.app; sourceTree = BUILT_PRODUCTS_DIR; };
		72A3A178252CB2EF0083F88F /* AppDelegate.swift */ = {isa = PBXFileReference; lastKnownFileType = sourcecode.swift; path = AppDelegate.swift; sourceTree = "<group>"; };
		72A3A17A252CB2EF0083F88F /* SceneDelegate.swift */ = {isa = PBXFileReference; lastKnownFileType = sourcecode.swift; path = SceneDelegate.swift; sourceTree = "<group>"; };
		72A3A181252CB2F10083F88F /* Assets.xcassets */ = {isa = PBXFileReference; lastKnownFileType = folder.assetcatalog; path = Assets.xcassets; sourceTree = "<group>"; };
		72A3A184252CB2F10083F88F /* Base */ = {isa = PBXFileReference; lastKnownFileType = file.storyboard; name = Base; path = Base.lproj/LaunchScreen.storyboard; sourceTree = "<group>"; };
		72A3A186252CB2F10083F88F /* Info.plist */ = {isa = PBXFileReference; lastKnownFileType = text.plist.xml; path = Info.plist; sourceTree = "<group>"; };
		72D8C7B72531E6F4008E44DC /* SnapKit.framework */ = {isa = PBXFileReference; lastKnownFileType = wrapper.framework; name = SnapKit.framework; path = Carthage/Build/iOS/SnapKit.framework; sourceTree = "<group>"; };
		72D8C7BA2531E6F7008E44DC /* SkyFloatingLabelTextField.framework */ = {isa = PBXFileReference; lastKnownFileType = wrapper.framework; name = SkyFloatingLabelTextField.framework; path = Carthage/Build/iOS/SkyFloatingLabelTextField.framework; sourceTree = "<group>"; };
		72D8C7BE2531FC2F008E44DC /* AuthConstants.swift */ = {isa = PBXFileReference; lastKnownFileType = sourcecode.swift; path = AuthConstants.swift; sourceTree = "<group>"; };
		72DB10A8252E58900043875E /* Starscream.framework */ = {isa = PBXFileReference; lastKnownFileType = wrapper.framework; name = Starscream.framework; path = Carthage/Build/iOS/Starscream.framework; sourceTree = "<group>"; };
		72DB10AC252E58940043875E /* InputBarAccessoryView.framework */ = {isa = PBXFileReference; lastKnownFileType = wrapper.framework; name = InputBarAccessoryView.framework; path = Carthage/Build/iOS/InputBarAccessoryView.framework; sourceTree = "<group>"; };
		72DB10AF252E58990043875E /* MessageKit.framework */ = {isa = PBXFileReference; lastKnownFileType = wrapper.framework; name = MessageKit.framework; path = Carthage/Build/iOS/MessageKit.framework; sourceTree = "<group>"; };
		72F586E82530A10900504B37 /* Factory.swift */ = {isa = PBXFileReference; lastKnownFileType = sourcecode.swift; path = Factory.swift; sourceTree = "<group>"; };
/* End PBXFileReference section */

/* Begin PBXFrameworksBuildPhase section */
		72A3A172252CB2EF0083F88F /* Frameworks */ = {
			isa = PBXFrameworksBuildPhase;
			buildActionMask = 2147483647;
			files = (
				72DB10A9252E58900043875E /* Starscream.framework in Frameworks */,
				72DB10B0252E58990043875E /* MessageKit.framework in Frameworks */,
				72D8C7BB2531E6F7008E44DC /* SkyFloatingLabelTextField.framework in Frameworks */,
				72DB10AD252E58940043875E /* InputBarAccessoryView.framework in Frameworks */,
				72D8C7B82531E6F4008E44DC /* SnapKit.framework in Frameworks */,
			);
			runOnlyForDeploymentPostprocessing = 0;
		};
/* End PBXFrameworksBuildPhase section */

/* Begin PBXGroup section */
		72123AF12533423E00DE67EC /* SignUp */ = {
			isa = PBXGroup;
			children = (
				72123AF32533426300DE67EC /* View */,
				72123AF42533426700DE67EC /* Interactor */,
				72123AF52533426F00DE67EC /* Presenter */,
				72123AF62533427300DE67EC /* Router */,
			);
			path = SignUp;
			sourceTree = "<group>";
		};
		72123AF22533424300DE67EC /* ForgotPassword */ = {
			isa = PBXGroup;
			children = (
				727BFDB825347FC300507F50 /* View */,
				727BFDB925347FC800507F50 /* Interactor */,
				727BFDBA25347FCF00507F50 /* Presenter */,
				727BFDBB25347FD300507F50 /* Router */,
			);
			path = ForgotPassword;
			sourceTree = "<group>";
		};
		72123AF32533426300DE67EC /* View */ = {
			isa = PBXGroup;
			children = (
				72123AF92533442500DE67EC /* ISignUpViewController.swift */,
				72123AF72533441700DE67EC /* SignUpViewController.swift */,
			);
			path = View;
			sourceTree = "<group>";
		};
		72123AF42533426700DE67EC /* Interactor */ = {
			isa = PBXGroup;
			children = (
				72123AFB253346BB00DE67EC /* ISignUpInteractor.swift */,
				72123AFD253346C800DE67EC /* SignUpInteractor.swift */,
			);
			path = Interactor;
			sourceTree = "<group>";
		};
		72123AF52533426F00DE67EC /* Presenter */ = {
			isa = PBXGroup;
			children = (
				72123AFF2533478700DE67EC /* ISignUpPresenter.swift */,
				72123B012533479400DE67EC /* SignUpPresenter.swift */,
			);
			path = Presenter;
			sourceTree = "<group>";
		};
		72123AF62533427300DE67EC /* Router */ = {
			isa = PBXGroup;
			children = (
				72123B032533486200DE67EC /* ISignUpRouter.swift */,
				72123B052533486A00DE67EC /* SignUpRouter.swift */,
			);
			path = Router;
			sourceTree = "<group>";
		};
		721A0FAB2530F6A400234071 /* Modules */ = {
			isa = PBXGroup;
			children = (
				721A0FAC2530F6AA00234071 /* Auth */,
			);
			path = Modules;
			sourceTree = "<group>";
		};
		721A0FAC2530F6AA00234071 /* Auth */ = {
			isa = PBXGroup;
			children = (
				729B0927253338450055E50C /* Login */,
				72123AF12533423E00DE67EC /* SignUp */,
				72123AF22533424300DE67EC /* ForgotPassword */,
				72D8C7BD2531FC21008E44DC /* Constants */,
				729B0928253339040055E50C /* CommonViews */,
			);
			path = Auth;
			sourceTree = "<group>";
		};
		721A0FAE2530F6E400234071 /* View */ = {
			isa = PBXGroup;
			children = (
				721A0FC22530F8C500234071 /* ILoginViewController.swift */,
				721A0FB22530F74D00234071 /* LoginViewController.swift */,
			);
			path = View;
			sourceTree = "<group>";
		};
		721A0FAF2530F6F100234071 /* Presenter */ = {
			isa = PBXGroup;
			children = (
				721A0FBE2530F89000234071 /* ILoginPresenter.swift */,
				721A0FB62530F78500234071 /* LoginPresenter.swift */,
			);
			path = Presenter;
			sourceTree = "<group>";
		};
		721A0FB02530F6F500234071 /* Interactor */ = {
			isa = PBXGroup;
			children = (
				721A0FC02530F8A800234071 /* ILoginInteractor.swift */,
				721A0FB42530F77000234071 /* LoginInteractor.swift */,
			);
			path = Interactor;
			sourceTree = "<group>";
		};
		721A0FB12530F6FF00234071 /* Router */ = {
			isa = PBXGroup;
			children = (
				721A0FBC2530F7F100234071 /* ILoginRouter.swift */,
				721A0FBA2530F7DB00234071 /* LoginRouter.swift */,
			);
			path = Router;
			sourceTree = "<group>";
		};
		727BFDB825347FC300507F50 /* View */ = {
			isa = PBXGroup;
			children = (
				727BFDBC25347FF900507F50 /* IForgotPasswordViewController.swift */,
				727BFDBE2534800700507F50 /* ForgotPasswordViewController.swift */,
			);
			path = View;
			sourceTree = "<group>";
		};
		727BFDB925347FC800507F50 /* Interactor */ = {
			isa = PBXGroup;
			children = (
				727BFDC0253480A500507F50 /* IForgotPasswordInteractor.swift */,
				727BFDC2253480CB00507F50 /* ForgotPasswordInteractor.swift */,
			);
			path = Interactor;
			sourceTree = "<group>";
		};
		727BFDBA25347FCF00507F50 /* Presenter */ = {
			isa = PBXGroup;
			children = (
				727BFDC42534810B00507F50 /* IForgotPasswordPresenter.swift */,
				727BFDC62534811E00507F50 /* ForgotPasswordPresenter.swift */,
			);
			path = Presenter;
			sourceTree = "<group>";
		};
		727BFDBB25347FD300507F50 /* Router */ = {
			isa = PBXGroup;
			children = (
				727BFDC82534818200507F50 /* IForgotPasswordRouter.swift */,
				727BFDCA253481AE00507F50 /* ForgotPasswordRouter.swift */,
			);
			path = Router;
			sourceTree = "<group>";
		};
		729B0927253338450055E50C /* Login */ = {
			isa = PBXGroup;
			children = (
				721A0FAE2530F6E400234071 /* View */,
				721A0FB02530F6F500234071 /* Interactor */,
				721A0FAF2530F6F100234071 /* Presenter */,
				721A0FB12530F6FF00234071 /* Router */,
			);
			path = Login;
			sourceTree = "<group>";
		};
		729B0928253339040055E50C /* CommonViews */ = {
			isa = PBXGroup;
			children = (
				729B0929253339600055E50C /* AuthTextFieldType.swift */,
				729B092B253339860055E50C /* AuthTextField.swift */,
			);
			path = CommonViews;
			sourceTree = "<group>";
		};
		72A3A16C252CB2EF0083F88F = {
			isa = PBXGroup;
			children = (
				72A3A177252CB2EF0083F88F /* Dolphin */,
				72A3A176252CB2EF0083F88F /* Products */,
				72DB10A7252E58900043875E /* Frameworks */,
			);
			sourceTree = "<group>";
		};
		72A3A176252CB2EF0083F88F /* Products */ = {
			isa = PBXGroup;
			children = (
				72A3A175252CB2EF0083F88F /* Dolphin.app */,
			);
			name = Products;
			sourceTree = "<group>";
		};
		72A3A177252CB2EF0083F88F /* Dolphin */ = {
			isa = PBXGroup;
			children = (
				721A0FAB2530F6A400234071 /* Modules */,
				72F586E72530A0FB00504B37 /* Factory */,
				72F586E625309FC800504B37 /* UI */,
				72F586E525309FAC00504B37 /* Assets */,
				72F586E425309F8C00504B37 /* SceneDelegate */,
				72F586E325309F7E00504B37 /* AppDelegate */,
				72A3A186252CB2F10083F88F /* Info.plist */,
			);
			path = Dolphin;
			sourceTree = "<group>";
		};
		72D8C7BD2531FC21008E44DC /* Constants */ = {
			isa = PBXGroup;
			children = (
				72D8C7BE2531FC2F008E44DC /* AuthConstants.swift */,
			);
			path = Constants;
			sourceTree = "<group>";
		};
		72DB10A7252E58900043875E /* Frameworks */ = {
			isa = PBXGroup;
			children = (
				72D8C7BA2531E6F7008E44DC /* SkyFloatingLabelTextField.framework */,
				72D8C7B72531E6F4008E44DC /* SnapKit.framework */,
				72DB10AF252E58990043875E /* MessageKit.framework */,
				72DB10AC252E58940043875E /* InputBarAccessoryView.framework */,
				72DB10A8252E58900043875E /* Starscream.framework */,
			);
			name = Frameworks;
			sourceTree = "<group>";
		};
		72F586E325309F7E00504B37 /* AppDelegate */ = {
			isa = PBXGroup;
			children = (
				72A3A178252CB2EF0083F88F /* AppDelegate.swift */,
			);
			path = AppDelegate;
			sourceTree = "<group>";
		};
		72F586E425309F8C00504B37 /* SceneDelegate */ = {
			isa = PBXGroup;
			children = (
				72A3A17A252CB2EF0083F88F /* SceneDelegate.swift */,
			);
			path = SceneDelegate;
			sourceTree = "<group>";
		};
		72F586E525309FAC00504B37 /* Assets */ = {
			isa = PBXGroup;
			children = (
				72A3A181252CB2F10083F88F /* Assets.xcassets */,
			);
			path = Assets;
			sourceTree = "<group>";
		};
		72F586E625309FC800504B37 /* UI */ = {
			isa = PBXGroup;
			children = (
				72A3A183252CB2F10083F88F /* LaunchScreen.storyboard */,
			);
			path = UI;
			sourceTree = "<group>";
		};
		72F586E72530A0FB00504B37 /* Factory */ = {
			isa = PBXGroup;
			children = (
				72F586E82530A10900504B37 /* Factory.swift */,
			);
			path = Factory;
			sourceTree = "<group>";
		};
/* End PBXGroup section */

/* Begin PBXNativeTarget section */
		72A3A174252CB2EF0083F88F /* Dolphin */ = {
			isa = PBXNativeTarget;
			buildConfigurationList = 72A3A189252CB2F10083F88F /* Build configuration list for PBXNativeTarget "Dolphin" */;
			buildPhases = (
				72A3A171252CB2EF0083F88F /* Sources */,
				72A3A172252CB2EF0083F88F /* Frameworks */,
				72A3A173252CB2EF0083F88F /* Resources */,
				72A3A18D252CBF9B0083F88F /* ShellScript */,
				72DB10AB252E58900043875E /* Embed Frameworks */,
				72DB10B2252E58B90043875E /* ShellScript */,
			);
			buildRules = (
			);
			dependencies = (
			);
			name = Dolphin;
			productName = Dolphin;
			productReference = 72A3A175252CB2EF0083F88F /* Dolphin.app */;
			productType = "com.apple.product-type.application";
		};
/* End PBXNativeTarget section */

/* Begin PBXProject section */
		72A3A16D252CB2EF0083F88F /* Project object */ = {
			isa = PBXProject;
			attributes = {
				LastSwiftUpdateCheck = 1200;
				LastUpgradeCheck = 1200;
				TargetAttributes = {
					72A3A174252CB2EF0083F88F = {
						CreatedOnToolsVersion = 12.0;
					};
				};
			};
			buildConfigurationList = 72A3A170252CB2EF0083F88F /* Build configuration list for PBXProject "Dolphin" */;
			compatibilityVersion = "Xcode 9.3";
			developmentRegion = en;
			hasScannedForEncodings = 0;
			knownRegions = (
				en,
				Base,
			);
			mainGroup = 72A3A16C252CB2EF0083F88F;
			productRefGroup = 72A3A176252CB2EF0083F88F /* Products */;
			projectDirPath = "";
			projectRoot = "";
			targets = (
				72A3A174252CB2EF0083F88F /* Dolphin */,
			);
		};
/* End PBXProject section */

/* Begin PBXResourcesBuildPhase section */
		72A3A173252CB2EF0083F88F /* Resources */ = {
			isa = PBXResourcesBuildPhase;
			buildActionMask = 2147483647;
			files = (
				72A3A185252CB2F10083F88F /* LaunchScreen.storyboard in Resources */,
				72A3A182252CB2F10083F88F /* Assets.xcassets in Resources */,
			);
			runOnlyForDeploymentPostprocessing = 0;
		};
/* End PBXResourcesBuildPhase section */

/* Begin PBXShellScriptBuildPhase section */
		72A3A18D252CBF9B0083F88F /* ShellScript */ = {
			isa = PBXShellScriptBuildPhase;
			buildActionMask = 2147483647;
			files = (
			);
			inputFileListPaths = (
			);
			inputPaths = (
			);
			outputFileListPaths = (
			);
			outputPaths = (
			);
			runOnlyForDeploymentPostprocessing = 0;
			shellPath = /bin/sh;
			shellScript = "if which swiftlint >/dev/null; then\n  swiftlint\nelse\n  echo \"warning: SwiftLint not installed, download from https://github.com/realm/SwiftLint\"\nfi\n";
		};
		72DB10B2252E58B90043875E /* ShellScript */ = {
			isa = PBXShellScriptBuildPhase;
			buildActionMask = 2147483647;
			files = (
			);
			inputFileListPaths = (
			);
			inputPaths = (
				"$(SRCROOT)/Carthage/Build/iOS/Starscream.framework",
				"$(SRCROOT)/Carthage/Build/iOS/InputBarAccessoryView.framework",
				"$(SRCROOT)/Carthage/Build/iOS/MessageKit.framework",
				"$(SRCROOT)/Carthage/Build/iOS/SnapKit.framework",
				"$(SRCROOT)/Carthage/Build/iOS/SkyFloatingLabelTextField.framework",
			);
			outputFileListPaths = (
			);
			outputPaths = (
			);
			runOnlyForDeploymentPostprocessing = 0;
			shellPath = /bin/sh;
			shellScript = "/usr/local/bin/carthage copy-frameworks\n";
		};
/* End PBXShellScriptBuildPhase section */

/* Begin PBXSourcesBuildPhase section */
		72A3A171252CB2EF0083F88F /* Sources */ = {
			isa = PBXSourcesBuildPhase;
			buildActionMask = 2147483647;
			files = (
				721A0FB32530F74D00234071 /* LoginViewController.swift in Sources */,
				721A0FB52530F77000234071 /* LoginInteractor.swift in Sources */,
				727BFDCB253481AE00507F50 /* ForgotPasswordRouter.swift in Sources */,
				72123B042533486200DE67EC /* ISignUpRouter.swift in Sources */,
				721A0FC12530F8A800234071 /* ILoginInteractor.swift in Sources */,
				727BFDC92534818200507F50 /* IForgotPasswordRouter.swift in Sources */,
				72A3A179252CB2EF0083F88F /* AppDelegate.swift in Sources */,
				72123AFA2533442500DE67EC /* ISignUpViewController.swift in Sources */,
				72A3A17B252CB2EF0083F88F /* SceneDelegate.swift in Sources */,
				721A0FB72530F78500234071 /* LoginPresenter.swift in Sources */,
				727BFDC3253480CB00507F50 /* ForgotPasswordInteractor.swift in Sources */,
				727BFDBF2534800700507F50 /* ForgotPasswordViewController.swift in Sources */,
				729B092C253339860055E50C /* AuthTextField.swift in Sources */,
				721A0FC32530F8C500234071 /* ILoginViewController.swift in Sources */,
				729B092A253339600055E50C /* AuthTextFieldType.swift in Sources */,
				72123B002533478700DE67EC /* ISignUpPresenter.swift in Sources */,
				72123AF82533441700DE67EC /* SignUpViewController.swift in Sources */,
				72D8C7BF2531FC2F008E44DC /* AuthConstants.swift in Sources */,
				721A0FBD2530F7F100234071 /* ILoginRouter.swift in Sources */,
				721A0FBF2530F89000234071 /* ILoginPresenter.swift in Sources */,
				72123B062533486A00DE67EC /* SignUpRouter.swift in Sources */,
				72123AFC253346BB00DE67EC /* ISignUpInteractor.swift in Sources */,
				72F586E92530A10900504B37 /* Factory.swift in Sources */,
				72123AFE253346C800DE67EC /* SignUpInteractor.swift in Sources */,
				72123B022533479400DE67EC /* SignUpPresenter.swift in Sources */,
				727BFDC52534810B00507F50 /* IForgotPasswordPresenter.swift in Sources */,
				727BFDC72534811E00507F50 /* ForgotPasswordPresenter.swift in Sources */,
				727BFDC1253480A500507F50 /* IForgotPasswordInteractor.swift in Sources */,
				727BFDBD25347FF900507F50 /* IForgotPasswordViewController.swift in Sources */,
				721A0FBB2530F7DB00234071 /* LoginRouter.swift in Sources */,
			);
			runOnlyForDeploymentPostprocessing = 0;
		};
/* End PBXSourcesBuildPhase section */

/* Begin PBXVariantGroup section */
		72A3A183252CB2F10083F88F /* LaunchScreen.storyboard */ = {
			isa = PBXVariantGroup;
			children = (
				72A3A184252CB2F10083F88F /* Base */,
			);
			name = LaunchScreen.storyboard;
			sourceTree = "<group>";
		};
/* End PBXVariantGroup section */

/* Begin XCBuildConfiguration section */
		72A3A187252CB2F10083F88F /* Debug */ = {
			isa = XCBuildConfiguration;
			buildSettings = {
				ALWAYS_SEARCH_USER_PATHS = NO;
				CLANG_ANALYZER_NONNULL = YES;
				CLANG_ANALYZER_NUMBER_OBJECT_CONVERSION = YES_AGGRESSIVE;
				CLANG_CXX_LANGUAGE_STANDARD = "gnu++14";
				CLANG_CXX_LIBRARY = "libc++";
				CLANG_ENABLE_MODULES = YES;
				CLANG_ENABLE_OBJC_ARC = YES;
				CLANG_ENABLE_OBJC_WEAK = YES;
				CLANG_WARN_BLOCK_CAPTURE_AUTORELEASING = YES;
				CLANG_WARN_BOOL_CONVERSION = YES;
				CLANG_WARN_COMMA = YES;
				CLANG_WARN_CONSTANT_CONVERSION = YES;
				CLANG_WARN_DEPRECATED_OBJC_IMPLEMENTATIONS = YES;
				CLANG_WARN_DIRECT_OBJC_ISA_USAGE = YES_ERROR;
				CLANG_WARN_DOCUMENTATION_COMMENTS = YES;
				CLANG_WARN_EMPTY_BODY = YES;
				CLANG_WARN_ENUM_CONVERSION = YES;
				CLANG_WARN_INFINITE_RECURSION = YES;
				CLANG_WARN_INT_CONVERSION = YES;
				CLANG_WARN_NON_LITERAL_NULL_CONVERSION = YES;
				CLANG_WARN_OBJC_IMPLICIT_RETAIN_SELF = YES;
				CLANG_WARN_OBJC_LITERAL_CONVERSION = YES;
				CLANG_WARN_OBJC_ROOT_CLASS = YES_ERROR;
				CLANG_WARN_QUOTED_INCLUDE_IN_FRAMEWORK_HEADER = YES;
				CLANG_WARN_RANGE_LOOP_ANALYSIS = YES;
				CLANG_WARN_STRICT_PROTOTYPES = YES;
				CLANG_WARN_SUSPICIOUS_MOVE = YES;
				CLANG_WARN_UNGUARDED_AVAILABILITY = YES_AGGRESSIVE;
				CLANG_WARN_UNREACHABLE_CODE = YES;
				CLANG_WARN__DUPLICATE_METHOD_MATCH = YES;
				COPY_PHASE_STRIP = NO;
				DEBUG_INFORMATION_FORMAT = dwarf;
				ENABLE_STRICT_OBJC_MSGSEND = YES;
				ENABLE_TESTABILITY = YES;
				GCC_C_LANGUAGE_STANDARD = gnu11;
				GCC_DYNAMIC_NO_PIC = NO;
				GCC_NO_COMMON_BLOCKS = YES;
				GCC_OPTIMIZATION_LEVEL = 0;
				GCC_PREPROCESSOR_DEFINITIONS = (
					"DEBUG=1",
					"$(inherited)",
				);
				GCC_WARN_64_TO_32_BIT_CONVERSION = YES;
				GCC_WARN_ABOUT_RETURN_TYPE = YES_ERROR;
				GCC_WARN_UNDECLARED_SELECTOR = YES;
				GCC_WARN_UNINITIALIZED_AUTOS = YES_AGGRESSIVE;
				GCC_WARN_UNUSED_FUNCTION = YES;
				GCC_WARN_UNUSED_VARIABLE = YES;
				IPHONEOS_DEPLOYMENT_TARGET = 14.0;
				MTL_ENABLE_DEBUG_INFO = INCLUDE_SOURCE;
				MTL_FAST_MATH = YES;
				ONLY_ACTIVE_ARCH = YES;
				SDKROOT = iphoneos;
				SWIFT_ACTIVE_COMPILATION_CONDITIONS = DEBUG;
				SWIFT_OPTIMIZATION_LEVEL = "-Onone";
			};
			name = Debug;
		};
		72A3A188252CB2F10083F88F /* Release */ = {
			isa = XCBuildConfiguration;
			buildSettings = {
				ALWAYS_SEARCH_USER_PATHS = NO;
				CLANG_ANALYZER_NONNULL = YES;
				CLANG_ANALYZER_NUMBER_OBJECT_CONVERSION = YES_AGGRESSIVE;
				CLANG_CXX_LANGUAGE_STANDARD = "gnu++14";
				CLANG_CXX_LIBRARY = "libc++";
				CLANG_ENABLE_MODULES = YES;
				CLANG_ENABLE_OBJC_ARC = YES;
				CLANG_ENABLE_OBJC_WEAK = YES;
				CLANG_WARN_BLOCK_CAPTURE_AUTORELEASING = YES;
				CLANG_WARN_BOOL_CONVERSION = YES;
				CLANG_WARN_COMMA = YES;
				CLANG_WARN_CONSTANT_CONVERSION = YES;
				CLANG_WARN_DEPRECATED_OBJC_IMPLEMENTATIONS = YES;
				CLANG_WARN_DIRECT_OBJC_ISA_USAGE = YES_ERROR;
				CLANG_WARN_DOCUMENTATION_COMMENTS = YES;
				CLANG_WARN_EMPTY_BODY = YES;
				CLANG_WARN_ENUM_CONVERSION = YES;
				CLANG_WARN_INFINITE_RECURSION = YES;
				CLANG_WARN_INT_CONVERSION = YES;
				CLANG_WARN_NON_LITERAL_NULL_CONVERSION = YES;
				CLANG_WARN_OBJC_IMPLICIT_RETAIN_SELF = YES;
				CLANG_WARN_OBJC_LITERAL_CONVERSION = YES;
				CLANG_WARN_OBJC_ROOT_CLASS = YES_ERROR;
				CLANG_WARN_QUOTED_INCLUDE_IN_FRAMEWORK_HEADER = YES;
				CLANG_WARN_RANGE_LOOP_ANALYSIS = YES;
				CLANG_WARN_STRICT_PROTOTYPES = YES;
				CLANG_WARN_SUSPICIOUS_MOVE = YES;
				CLANG_WARN_UNGUARDED_AVAILABILITY = YES_AGGRESSIVE;
				CLANG_WARN_UNREACHABLE_CODE = YES;
				CLANG_WARN__DUPLICATE_METHOD_MATCH = YES;
				COPY_PHASE_STRIP = NO;
				DEBUG_INFORMATION_FORMAT = "dwarf-with-dsym";
				ENABLE_NS_ASSERTIONS = NO;
				ENABLE_STRICT_OBJC_MSGSEND = YES;
				GCC_C_LANGUAGE_STANDARD = gnu11;
				GCC_NO_COMMON_BLOCKS = YES;
				GCC_WARN_64_TO_32_BIT_CONVERSION = YES;
				GCC_WARN_ABOUT_RETURN_TYPE = YES_ERROR;
				GCC_WARN_UNDECLARED_SELECTOR = YES;
				GCC_WARN_UNINITIALIZED_AUTOS = YES_AGGRESSIVE;
				GCC_WARN_UNUSED_FUNCTION = YES;
				GCC_WARN_UNUSED_VARIABLE = YES;
				IPHONEOS_DEPLOYMENT_TARGET = 14.0;
				MTL_ENABLE_DEBUG_INFO = NO;
				MTL_FAST_MATH = YES;
				SDKROOT = iphoneos;
				SWIFT_COMPILATION_MODE = wholemodule;
				SWIFT_OPTIMIZATION_LEVEL = "-O";
				VALIDATE_PRODUCT = YES;
			};
			name = Release;
		};
		72A3A18A252CB2F10083F88F /* Debug */ = {
			isa = XCBuildConfiguration;
			buildSettings = {
				ASSETCATALOG_COMPILER_APPICON_NAME = AppIcon;
				ASSETCATALOG_COMPILER_GLOBAL_ACCENT_COLOR_NAME = AccentColor;
				CODE_SIGN_STYLE = Automatic;
				DEVELOPMENT_TEAM = 72DN37DPYX;
				FRAMEWORK_SEARCH_PATHS = (
					"$(inherited)",
					"$(PROJECT_DIR)/Carthage/Build/iOS",
				);
				INFOPLIST_FILE = Dolphin/Info.plist;
				LD_RUNPATH_SEARCH_PATHS = (
					"$(inherited)",
					"@executable_path/Frameworks",
				);
				PRODUCT_BUNDLE_IDENTIFIER = Medvedev.Dolphin;
				PRODUCT_NAME = "$(TARGET_NAME)";
				SWIFT_VERSION = 5.0;
				TARGETED_DEVICE_FAMILY = "1,2";
			};
			name = Debug;
		};
		72A3A18B252CB2F10083F88F /* Release */ = {
			isa = XCBuildConfiguration;
			buildSettings = {
				ASSETCATALOG_COMPILER_APPICON_NAME = AppIcon;
				ASSETCATALOG_COMPILER_GLOBAL_ACCENT_COLOR_NAME = AccentColor;
				CODE_SIGN_STYLE = Automatic;
				DEVELOPMENT_TEAM = 72DN37DPYX;
				FRAMEWORK_SEARCH_PATHS = (
					"$(inherited)",
					"$(PROJECT_DIR)/Carthage/Build/iOS",
				);
				INFOPLIST_FILE = Dolphin/Info.plist;
				LD_RUNPATH_SEARCH_PATHS = (
					"$(inherited)",
					"@executable_path/Frameworks",
				);
				PRODUCT_BUNDLE_IDENTIFIER = Medvedev.Dolphin;
				PRODUCT_NAME = "$(TARGET_NAME)";
				SWIFT_VERSION = 5.0;
				TARGETED_DEVICE_FAMILY = "1,2";
			};
			name = Release;
		};
/* End XCBuildConfiguration section */

/* Begin XCConfigurationList section */
		72A3A170252CB2EF0083F88F /* Build configuration list for PBXProject "Dolphin" */ = {
			isa = XCConfigurationList;
			buildConfigurations = (
				72A3A187252CB2F10083F88F /* Debug */,
				72A3A188252CB2F10083F88F /* Release */,
			);
			defaultConfigurationIsVisible = 0;
			defaultConfigurationName = Release;
		};
		72A3A189252CB2F10083F88F /* Build configuration list for PBXNativeTarget "Dolphin" */ = {
			isa = XCConfigurationList;
			buildConfigurations = (
				72A3A18A252CB2F10083F88F /* Debug */,
				72A3A18B252CB2F10083F88F /* Release */,
			);
			defaultConfigurationIsVisible = 0;
			defaultConfigurationName = Release;
		};
/* End XCConfigurationList section */
	};
	rootObject = 72A3A16D252CB2EF0083F88F /* Project object */;
}
